// !$*UTF8*$!
{
	archiveVersion = 1;
	classes = {
	};
	objectVersion = 77;
	objects = {

/* Begin PBXBuildFile section */
		E24479272E819CF30040B085 /* RSBarcodes_Swift in Frameworks */ = {isa = PBXBuildFile; productRef = E24479262E819CF30040B085 /* RSBarcodes_Swift */; };
		E24479292E819CFE0040B085 /* RSBarcodes_Swift in Frameworks */ = {isa = PBXBuildFile; productRef = E24479282E819CFE0040B085 /* RSBarcodes_Swift */; };
		E259A0392E75A6640029D3A9 /* WidgetKit.framework in Frameworks */ = {isa = PBXBuildFile; fileRef = E259A0382E75A6630029D3A9 /* WidgetKit.framework */; };
		E259A03B2E75A6640029D3A9 /* SwiftUI.framework in Frameworks */ = {isa = PBXBuildFile; fileRef = E259A03A2E75A6640029D3A9 /* SwiftUI.framework */; };
		E259A04C2E75A6650029D3A9 /* lockscreenExtension.appex in Embed Foundation Extensions */ = {isa = PBXBuildFile; fileRef = E259A0362E75A6630029D3A9 /* lockscreenExtension.appex */; settings = {ATTRIBUTES = (RemoveHeadersOnCopy, ); }; };
/* End PBXBuildFile section */

/* Begin PBXContainerItemProxy section */
		E259A04A2E75A6650029D3A9 /* PBXContainerItemProxy */ = {
			isa = PBXContainerItemProxy;
			containerPortal = E259A01C2E75A6360029D3A9 /* Project object */;
			proxyType = 1;
			remoteGlobalIDString = E259A0352E75A6630029D3A9;
			remoteInfo = lockscreenExtension;
		};
/* End PBXContainerItemProxy section */

/* Begin PBXCopyFilesBuildPhase section */
		E259A0512E75A6650029D3A9 /* Embed Foundation Extensions */ = {
			isa = PBXCopyFilesBuildPhase;
			buildActionMask = 2147483647;
			dstPath = "";
			dstSubfolderSpec = 13;
			files = (
				E259A04C2E75A6650029D3A9 /* lockscreenExtension.appex in Embed Foundation Extensions */,
			);
			name = "Embed Foundation Extensions";
			runOnlyForDeploymentPostprocessing = 0;
		};
/* End PBXCopyFilesBuildPhase section */

/* Begin PBXFileReference section */
		E259A0242E75A6360029D3A9 /* InvoiceBarcode.app */ = {isa = PBXFileReference; explicitFileType = wrapper.application; includeInIndex = 0; path = InvoiceBarcode.app; sourceTree = BUILT_PRODUCTS_DIR; };
		E259A0362E75A6630029D3A9 /* lockscreenExtension.appex */ = {isa = PBXFileReference; explicitFileType = "wrapper.app-extension"; includeInIndex = 0; path = lockscreenExtension.appex; sourceTree = BUILT_PRODUCTS_DIR; };
		E259A0382E75A6630029D3A9 /* WidgetKit.framework */ = {isa = PBXFileReference; lastKnownFileType = wrapper.framework; name = WidgetKit.framework; path = System/Library/Frameworks/WidgetKit.framework; sourceTree = SDKROOT; };
		E259A03A2E75A6640029D3A9 /* SwiftUI.framework */ = {isa = PBXFileReference; lastKnownFileType = wrapper.framework; name = SwiftUI.framework; path = System/Library/Frameworks/SwiftUI.framework; sourceTree = SDKROOT; };
		E259A0532E75AFED0029D3A9 /* lockscreenExtension.entitlements */ = {isa = PBXFileReference; lastKnownFileType = text.plist.entitlements; path = lockscreenExtension.entitlements; sourceTree = "<group>"; };
/* End PBXFileReference section */

/* Begin PBXFileSystemSynchronizedBuildFileExceptionSet section */
		E259A04D2E75A6650029D3A9 /* Exceptions for "lockscreen" folder in "lockscreenExtension" target */ = {
			isa = PBXFileSystemSynchronizedBuildFileExceptionSet;
			membershipExceptions = (
				Info.plist,
			);
			target = E259A0352E75A6630029D3A9 /* lockscreenExtension */;
		};
		E259A05A2E75B0940029D3A9 /* Exceptions for "InvoiceBarcode" folder in "lockscreenExtension" target */ = {
			isa = PBXFileSystemSynchronizedBuildFileExceptionSet;
			membershipExceptions = (
				SharedData.swift,
			);
			target = E259A0352E75A6630029D3A9 /* lockscreenExtension */;
		};
/* End PBXFileSystemSynchronizedBuildFileExceptionSet section */

/* Begin PBXFileSystemSynchronizedRootGroup section */
		E259A0262E75A6360029D3A9 /* InvoiceBarcode */ = {
			isa = PBXFileSystemSynchronizedRootGroup;
			exceptions = (
				E259A05A2E75B0940029D3A9 /* Exceptions for "InvoiceBarcode" folder in "lockscreenExtension" target */,
			);
			path = InvoiceBarcode;
			sourceTree = "<group>";
		};
		E259A03C2E75A6640029D3A9 /* lockscreen */ = {
			isa = PBXFileSystemSynchronizedRootGroup;
			exceptions = (
				E259A04D2E75A6650029D3A9 /* Exceptions for "lockscreen" folder in "lockscreenExtension" target */,
			);
			path = lockscreen;
			sourceTree = "<group>";
		};
/* End PBXFileSystemSynchronizedRootGroup section */

/* Begin PBXFrameworksBuildPhase section */
		E259A0212E75A6360029D3A9 /* Frameworks */ = {
			isa = PBXFrameworksBuildPhase;
			buildActionMask = 2147483647;
			files = (
				E24479272E819CF30040B085 /* RSBarcodes_Swift in Frameworks */,
			);
			runOnlyForDeploymentPostprocessing = 0;
		};
		E259A0332E75A6630029D3A9 /* Frameworks */ = {
			isa = PBXFrameworksBuildPhase;
			buildActionMask = 2147483647;
			files = (
				E24479292E819CFE0040B085 /* RSBarcodes_Swift in Frameworks */,
				E259A03B2E75A6640029D3A9 /* SwiftUI.framework in Frameworks */,
				E259A0392E75A6640029D3A9 /* WidgetKit.framework in Frameworks */,
			);
			runOnlyForDeploymentPostprocessing = 0;
		};
/* End PBXFrameworksBuildPhase section */

/* Begin PBXGroup section */
		E259A01B2E75A6360029D3A9 = {
			isa = PBXGroup;
			children = (
				E259A0532E75AFED0029D3A9 /* lockscreenExtension.entitlements */,
				E259A0262E75A6360029D3A9 /* InvoiceBarcode */,
				E259A03C2E75A6640029D3A9 /* lockscreen */,
				E259A0372E75A6630029D3A9 /* Frameworks */,
				E259A0252E75A6360029D3A9 /* Products */,
			);
			sourceTree = "<group>";
		};
		E259A0252E75A6360029D3A9 /* Products */ = {
			isa = PBXGroup;
			children = (
				E259A0242E75A6360029D3A9 /* InvoiceBarcode.app */,
				E259A0362E75A6630029D3A9 /* lockscreenExtension.appex */,
			);
			name = Products;
			sourceTree = "<group>";
		};
		E259A0372E75A6630029D3A9 /* Frameworks */ = {
			isa = PBXGroup;
			children = (
				E259A0382E75A6630029D3A9 /* WidgetKit.framework */,
				E259A03A2E75A6640029D3A9 /* SwiftUI.framework */,
			);
			name = Frameworks;
			sourceTree = "<group>";
		};
/* End PBXGroup section */

/* Begin PBXNativeTarget section */
		E259A0232E75A6360029D3A9 /* InvoiceBarcode */ = {
			isa = PBXNativeTarget;
			buildConfigurationList = E259A02F2E75A6380029D3A9 /* Build configuration list for PBXNativeTarget "InvoiceBarcode" */;
			buildPhases = (
				E259A0202E75A6360029D3A9 /* Sources */,
				E259A0212E75A6360029D3A9 /* Frameworks */,
				E259A0222E75A6360029D3A9 /* Resources */,
				E259A0512E75A6650029D3A9 /* Embed Foundation Extensions */,
			);
			buildRules = (
			);
			dependencies = (
				E259A04B2E75A6650029D3A9 /* PBXTargetDependency */,
			);
			fileSystemSynchronizedGroups = (
				E259A0262E75A6360029D3A9 /* InvoiceBarcode */,
			);
			name = InvoiceBarcode;
			packageProductDependencies = (
				E24479262E819CF30040B085 /* RSBarcodes_Swift */,
			);
			productName = InvoiceBarcode;
			productReference = E259A0242E75A6360029D3A9 /* InvoiceBarcode.app */;
			productType = "com.apple.product-type.application";
		};
		E259A0352E75A6630029D3A9 /* lockscreenExtension */ = {
			isa = PBXNativeTarget;
			buildConfigurationList = E259A04E2E75A6650029D3A9 /* Build configuration list for PBXNativeTarget "lockscreenExtension" */;
			buildPhases = (
				E259A0322E75A6630029D3A9 /* Sources */,
				E259A0332E75A6630029D3A9 /* Frameworks */,
				E259A0342E75A6630029D3A9 /* Resources */,
			);
			buildRules = (
			);
			dependencies = (
			);
			fileSystemSynchronizedGroups = (
				E259A03C2E75A6640029D3A9 /* lockscreen */,
			);
			name = lockscreenExtension;
			packageProductDependencies = (
				E24479282E819CFE0040B085 /* RSBarcodes_Swift */,
			);
			productName = lockscreenExtension;
			productReference = E259A0362E75A6630029D3A9 /* lockscreenExtension.appex */;
			productType = "com.apple.product-type.app-extension";
		};
/* End PBXNativeTarget section */

/* Begin PBXProject section */
		E259A01C2E75A6360029D3A9 /* Project object */ = {
			isa = PBXProject;
			attributes = {
				BuildIndependentTargetsInParallel = 1;
				LastSwiftUpdateCheck = 1640;
				LastUpgradeCheck = 1640;
				TargetAttributes = {
					E259A0232E75A6360029D3A9 = {
						CreatedOnToolsVersion = 16.4;
					};
					E259A0352E75A6630029D3A9 = {
						CreatedOnToolsVersion = 16.4;
					};
				};
			};
			buildConfigurationList = E259A01F2E75A6360029D3A9 /* Build configuration list for PBXProject "InvoiceBarcode" */;
			developmentRegion = en;
			hasScannedForEncodings = 0;
			knownRegions = (
				en,
				Base,
			);
			mainGroup = E259A01B2E75A6360029D3A9;
			minimizedProjectReferenceProxies = 1;
			packageReferences = (
				E24479252E819C760040B085 /* XCRemoteSwiftPackageReference "RSBarcodes_Swift" */,
			);
			preferredProjectObjectVersion = 77;
			productRefGroup = E259A0252E75A6360029D3A9 /* Products */;
			projectDirPath = "";
			projectRoot = "";
			targets = (
				E259A0232E75A6360029D3A9 /* InvoiceBarcode */,
				E259A0352E75A6630029D3A9 /* lockscreenExtension */,
			);
		};
/* End PBXProject section */

/* Begin PBXResourcesBuildPhase section */
		E259A0222E75A6360029D3A9 /* Resources */ = {
			isa = PBXResourcesBuildPhase;
			buildActionMask = 2147483647;
			files = (
			);
			runOnlyForDeploymentPostprocessing = 0;
		};
		E259A0342E75A6630029D3A9 /* Resources */ = {
			isa = PBXResourcesBuildPhase;
			buildActionMask = 2147483647;
			files = (
			);
			runOnlyForDeploymentPostprocessing = 0;
		};
/* End PBXResourcesBuildPhase section */

/* Begin PBXSourcesBuildPhase section */
		E259A0202E75A6360029D3A9 /* Sources */ = {
			isa = PBXSourcesBuildPhase;
			buildActionMask = 2147483647;
			files = (
			);
			runOnlyForDeploymentPostprocessing = 0;
		};
		E259A0322E75A6630029D3A9 /* Sources */ = {
			isa = PBXSourcesBuildPhase;
			buildActionMask = 2147483647;
			files = (
			);
			runOnlyForDeploymentPostprocessing = 0;
		};
/* End PBXSourcesBuildPhase section */

/* Begin PBXTargetDependency section */
		E259A04B2E75A6650029D3A9 /* PBXTargetDependency */ = {
			isa = PBXTargetDependency;
			target = E259A0352E75A6630029D3A9 /* lockscreenExtension */;
			targetProxy = E259A04A2E75A6650029D3A9 /* PBXContainerItemProxy */;
		};
/* End PBXTargetDependency section */

/* Begin XCBuildConfiguration section */
		E259A02D2E75A6380029D3A9 /* Debug */ = {
			isa = XCBuildConfiguration;
			buildSettings = {
				ALWAYS_SEARCH_USER_PATHS = NO;
				ASSETCATALOG_COMPILER_GENERATE_SWIFT_ASSET_SYMBOL_EXTENSIONS = YES;
				CLANG_ANALYZER_NONNULL = YES;
				CLANG_ANALYZER_NUMBER_OBJECT_CONVERSION = YES_AGGRESSIVE;
				CLANG_CXX_LANGUAGE_STANDARD = "gnu++20";
				CLANG_ENABLE_MODULES = YES;
				CLANG_ENABLE_OBJC_ARC = YES;
				CLANG_ENABLE_OBJC_WEAK = YES;
				CLANG_WARN_BLOCK_CAPTURE_AUTORELEASING = YES;
				CLANG_WARN_BOOL_CONVERSION = YES;
				CLANG_WARN_COMMA = YES;
				CLANG_WARN_CONSTANT_CONVERSION = YES;
				CLANG_WARN_DEPRECATED_OBJC_IMPLEMENTATIONS = YES;
				CLANG_WARN_DIRECT_OBJC_ISA_USAGE = YES_ERROR;
				CLANG_WARN_DOCUMENTATION_COMMENTS = YES;
				CLANG_WARN_EMPTY_BODY = YES;
				CLANG_WARN_ENUM_CONVERSION = YES;
				CLANG_WARN_INFINITE_RECURSION = YES;
				CLANG_WARN_INT_CONVERSION = YES;
				CLANG_WARN_NON_LITERAL_NULL_CONVERSION = YES;
				CLANG_WARN_OBJC_IMPLICIT_RETAIN_SELF = YES;
				CLANG_WARN_OBJC_LITERAL_CONVERSION = YES;
				CLANG_WARN_OBJC_ROOT_CLASS = YES_ERROR;
				CLANG_WARN_QUOTED_INCLUDE_IN_FRAMEWORK_HEADER = YES;
				CLANG_WARN_RANGE_LOOP_ANALYSIS = YES;
				CLANG_WARN_STRICT_PROTOTYPES = YES;
				CLANG_WARN_SUSPICIOUS_MOVE = YES;
				CLANG_WARN_UNGUARDED_AVAILABILITY = YES_AGGRESSIVE;
				CLANG_WARN_UNREACHABLE_CODE = YES;
				CLANG_WARN__DUPLICATE_METHOD_MATCH = YES;
				COPY_PHASE_STRIP = NO;
				DEBUG_INFORMATION_FORMAT = dwarf;
				DEVELOPMENT_TEAM = KBGW4ZM6CG;
				ENABLE_STRICT_OBJC_MSGSEND = YES;
				ENABLE_TESTABILITY = YES;
				ENABLE_USER_SCRIPT_SANDBOXING = YES;
				GCC_C_LANGUAGE_STANDARD = gnu17;
				GCC_DYNAMIC_NO_PIC = NO;
				GCC_NO_COMMON_BLOCKS = YES;
				GCC_OPTIMIZATION_LEVEL = 0;
				GCC_PREPROCESSOR_DEFINITIONS = (
					"DEBUG=1",
					"$(inherited)",
				);
				GCC_WARN_64_TO_32_BIT_CONVERSION = YES;
				GCC_WARN_ABOUT_RETURN_TYPE = YES_ERROR;
				GCC_WARN_UNDECLARED_SELECTOR = YES;
				GCC_WARN_UNINITIALIZED_AUTOS = YES_AGGRESSIVE;
				GCC_WARN_UNUSED_FUNCTION = YES;
				GCC_WARN_UNUSED_VARIABLE = YES;
				IPHONEOS_DEPLOYMENT_TARGET = 18.5;
				LOCALIZATION_PREFERS_STRING_CATALOGS = YES;
				MTL_ENABLE_DEBUG_INFO = INCLUDE_SOURCE;
				MTL_FAST_MATH = YES;
				ONLY_ACTIVE_ARCH = YES;
				SDKROOT = iphoneos;
				SWIFT_ACTIVE_COMPILATION_CONDITIONS = "DEBUG $(inherited)";
				SWIFT_OPTIMIZATION_LEVEL = "-Onone";
			};
			name = Debug;
		};
		E259A02E2E75A6380029D3A9 /* Release */ = {
			isa = XCBuildConfiguration;
			buildSettings = {
				ALWAYS_SEARCH_USER_PATHS = NO;
				ASSETCATALOG_COMPILER_GENERATE_SWIFT_ASSET_SYMBOL_EXTENSIONS = YES;
				CLANG_ANALYZER_NONNULL = YES;
				CLANG_ANALYZER_NUMBER_OBJECT_CONVERSION = YES_AGGRESSIVE;
				CLANG_CXX_LANGUAGE_STANDARD = "gnu++20";
				CLANG_ENABLE_MODULES = YES;
				CLANG_ENABLE_OBJC_ARC = YES;
				CLANG_ENABLE_OBJC_WEAK = YES;
				CLANG_WARN_BLOCK_CAPTURE_AUTORELEASING = YES;
				CLANG_WARN_BOOL_CONVERSION = YES;
				CLANG_WARN_COMMA = YES;
				CLANG_WARN_CONSTANT_CONVERSION = YES;
				CLANG_WARN_DEPRECATED_OBJC_IMPLEMENTATIONS = YES;
				CLANG_WARN_DIRECT_OBJC_ISA_USAGE = YES_ERROR;
				CLANG_WARN_DOCUMENTATION_COMMENTS = YES;
				CLANG_WARN_EMPTY_BODY = YES;
				CLANG_WARN_ENUM_CONVERSION = YES;
				CLANG_WARN_INFINITE_RECURSION = YES;
				CLANG_WARN_INT_CONVERSION = YES;
				CLANG_WARN_NON_LITERAL_NULL_CONVERSION = YES;
				CLANG_WARN_OBJC_IMPLICIT_RETAIN_SELF = YES;
				CLANG_WARN_OBJC_LITERAL_CONVERSION = YES;
				CLANG_WARN_OBJC_ROOT_CLASS = YES_ERROR;
				CLANG_WARN_QUOTED_INCLUDE_IN_FRAMEWORK_HEADER = YES;
				CLANG_WARN_RANGE_LOOP_ANALYSIS = YES;
				CLANG_WARN_STRICT_PROTOTYPES = YES;
				CLANG_WARN_SUSPICIOUS_MOVE = YES;
				CLANG_WARN_UNGUARDED_AVAILABILITY = YES_AGGRESSIVE;
				CLANG_WARN_UNREACHABLE_CODE = YES;
				CLANG_WARN__DUPLICATE_METHOD_MATCH = YES;
				COPY_PHASE_STRIP = NO;
				DEBUG_INFORMATION_FORMAT = "dwarf-with-dsym";
				DEVELOPMENT_TEAM = KBGW4ZM6CG;
				ENABLE_NS_ASSERTIONS = NO;
				ENABLE_STRICT_OBJC_MSGSEND = YES;
				ENABLE_USER_SCRIPT_SANDBOXING = YES;
				GCC_C_LANGUAGE_STANDARD = gnu17;
				GCC_NO_COMMON_BLOCKS = YES;
				GCC_WARN_64_TO_32_BIT_CONVERSION = YES;
				GCC_WARN_ABOUT_RETURN_TYPE = YES_ERROR;
				GCC_WARN_UNDECLARED_SELECTOR = YES;
				GCC_WARN_UNINITIALIZED_AUTOS = YES_AGGRESSIVE;
				GCC_WARN_UNUSED_FUNCTION = YES;
				GCC_WARN_UNUSED_VARIABLE = YES;
				IPHONEOS_DEPLOYMENT_TARGET = 18.5;
				LOCALIZATION_PREFERS_STRING_CATALOGS = YES;
				MTL_ENABLE_DEBUG_INFO = NO;
				MTL_FAST_MATH = YES;
				SDKROOT = iphoneos;
				SWIFT_COMPILATION_MODE = wholemodule;
				VALIDATE_PRODUCT = YES;
			};
			name = Release;
		};
		E259A0302E75A6380029D3A9 /* Debug */ = {
			isa = XCBuildConfiguration;
			buildSettings = {
				ASSETCATALOG_COMPILER_APPICON_NAME = AppIcon;
				ASSETCATALOG_COMPILER_GLOBAL_ACCENT_COLOR_NAME = AccentColor;
				CODE_SIGN_ENTITLEMENTS = InvoiceBarcode/InvoiceBarcode.entitlements;
				CODE_SIGN_STYLE = Automatic;
				CURRENT_PROJECT_VERSION = 2;
				DEVELOPMENT_TEAM = KBGW4ZM6CG;
				ENABLE_PREVIEWS = YES;
				GENERATE_INFOPLIST_FILE = YES;
				INFOPLIST_KEY_CFBundleDisplayName = "Invoice Barcode";
				INFOPLIST_KEY_UIApplicationSceneManifest_Generation = YES;
				INFOPLIST_KEY_UIApplicationSupportsIndirectInputEvents = YES;
				INFOPLIST_KEY_UILaunchScreen_Generation = YES;
				INFOPLIST_KEY_UISupportedInterfaceOrientations_iPad = "UIInterfaceOrientationPortrait UIInterfaceOrientationPortraitUpsideDown UIInterfaceOrientationLandscapeLeft UIInterfaceOrientationLandscapeRight";
				INFOPLIST_KEY_UISupportedInterfaceOrientations_iPhone = "UIInterfaceOrientationPortrait UIInterfaceOrientationLandscapeLeft UIInterfaceOrientationLandscapeRight";
				LD_RUNPATH_SEARCH_PATHS = (
					"$(inherited)",
					"@executable_path/Frameworks",
				);
				MARKETING_VERSION = 1.0;
				PRODUCT_BUNDLE_IDENTIFIER = com.idlevillager.InvoiceBarcode;
				PRODUCT_NAME = "$(TARGET_NAME)";
				SUPPORTED_PLATFORMS = "iphoneos iphonesimulator";
				SUPPORTS_MACCATALYST = NO;
				SUPPORTS_MAC_DESIGNED_FOR_IPHONE_IPAD = NO;
				SUPPORTS_XR_DESIGNED_FOR_IPHONE_IPAD = NO;
				SWIFT_EMIT_LOC_STRINGS = YES;
				SWIFT_VERSION = 5.0;
				TARGETED_DEVICE_FAMILY = 1;
			};
			name = Debug;
		};
		E259A0312E75A6380029D3A9 /* Release */ = {
			isa = XCBuildConfiguration;
			buildSettings = {
				ASSETCATALOG_COMPILER_APPICON_NAME = AppIcon;
				ASSETCATALOG_COMPILER_GLOBAL_ACCENT_COLOR_NAME = AccentColor;
				CODE_SIGN_ENTITLEMENTS = InvoiceBarcode/InvoiceBarcode.entitlements;
				CODE_SIGN_STYLE = Automatic;
				CURRENT_PROJECT_VERSION = 2;
				DEVELOPMENT_TEAM = KBGW4ZM6CG;
				ENABLE_PREVIEWS = YES;
				GENERATE_INFOPLIST_FILE = YES;
				INFOPLIST_KEY_CFBundleDisplayName = "Invoice Barcode";
				INFOPLIST_KEY_UIApplicationSceneManifest_Generation = YES;
				INFOPLIST_KEY_UIApplicationSupportsIndirectInputEvents = YES;
				INFOPLIST_KEY_UILaunchScreen_Generation = YES;
				INFOPLIST_KEY_UISupportedInterfaceOrientations_iPad = "UIInterfaceOrientationPortrait UIInterfaceOrientationPortraitUpsideDown UIInterfaceOrientationLandscapeLeft UIInterfaceOrientationLandscapeRight";
				INFOPLIST_KEY_UISupportedInterfaceOrientations_iPhone = "UIInterfaceOrientationPortrait UIInterfaceOrientationLandscapeLeft UIInterfaceOrientationLandscapeRight";
				LD_RUNPATH_SEARCH_PATHS = (
					"$(inherited)",
					"@executable_path/Frameworks",
				);
				MARKETING_VERSION = 1.0;
				PRODUCT_BUNDLE_IDENTIFIER = com.idlevillager.InvoiceBarcode;
				PRODUCT_NAME = "$(TARGET_NAME)";
				SUPPORTED_PLATFORMS = "iphoneos iphonesimulator";
				SUPPORTS_MACCATALYST = NO;
				SUPPORTS_MAC_DESIGNED_FOR_IPHONE_IPAD = NO;
				SUPPORTS_XR_DESIGNED_FOR_IPHONE_IPAD = NO;
				SWIFT_EMIT_LOC_STRINGS = YES;
				SWIFT_VERSION = 5.0;
				TARGETED_DEVICE_FAMILY = 1;
			};
			name = Release;
		};
		E259A04F2E75A6650029D3A9 /* Debug */ = {
			isa = XCBuildConfiguration;
			buildSettings = {
				ASSETCATALOG_COMPILER_GLOBAL_ACCENT_COLOR_NAME = AccentColor;
				ASSETCATALOG_COMPILER_WIDGET_BACKGROUND_COLOR_NAME = WidgetBackground;
				CODE_SIGN_ENTITLEMENTS = lockscreenExtension.entitlements;
				CODE_SIGN_STYLE = Automatic;
				CURRENT_PROJECT_VERSION = 3;
				DEVELOPMENT_TEAM = KBGW4ZM6CG;
				GENERATE_INFOPLIST_FILE = YES;
				INFOPLIST_FILE = lockscreen/Info.plist;
				INFOPLIST_KEY_CFBundleDisplayName = lockscreen;
				INFOPLIST_KEY_NSHumanReadableCopyright = "";
				LD_RUNPATH_SEARCH_PATHS = (
					"$(inherited)",
					"@executable_path/Frameworks",
					"@executable_path/../../Frameworks",
				);
				MARKETING_VERSION = 1.0;
				PRODUCT_BUNDLE_IDENTIFIER = com.idlevillager.InvoiceBarcode.lockscreen;
				PRODUCT_NAME = "$(TARGET_NAME)";
				SKIP_INSTALL = YES;
				SWIFT_EMIT_LOC_STRINGS = YES;
				SWIFT_VERSION = 5.0;
				TARGETED_DEVICE_FAMILY = "1,2";
			};
			name = Debug;
		};
		E259A0502E75A6650029D3A9 /* Release */ = {
			isa = XCBuildConfiguration;
			buildSettings = {
				ASSETCATALOG_COMPILER_GLOBAL_ACCENT_COLOR_NAME = AccentColor;
				ASSETCATALOG_COMPILER_WIDGET_BACKGROUND_COLOR_NAME = WidgetBackground;
				CODE_SIGN_ENTITLEMENTS = lockscreenExtension.entitlements;
				CODE_SIGN_STYLE = Automatic;
				CURRENT_PROJECT_VERSION = 3;
				DEVELOPMENT_TEAM = KBGW4ZM6CG;
				GENERATE_INFOPLIST_FILE = YES;
				INFOPLIST_FILE = lockscreen/Info.plist;
				INFOPLIST_KEY_CFBundleDisplayName = lockscreen;
				INFOPLIST_KEY_NSHumanReadableCopyright = "";
				LD_RUNPATH_SEARCH_PATHS = (
					"$(inherited)",
					"@executable_path/Frameworks",
					"@executable_path/../../Frameworks",
				);
				MARKETING_VERSION = 1.0;
				PRODUCT_BUNDLE_IDENTIFIER = com.idlevillager.InvoiceBarcode.lockscreen;
				PRODUCT_NAME = "$(TARGET_NAME)";
				SKIP_INSTALL = YES;
				SWIFT_EMIT_LOC_STRINGS = YES;
				SWIFT_VERSION = 5.0;
				TARGETED_DEVICE_FAMILY = "1,2";
			};
			name = Release;
		};
/* End XCBuildConfiguration section */

/* Begin XCConfigurationList section */
		E259A01F2E75A6360029D3A9 /* Build configuration list for PBXProject "InvoiceBarcode" */ = {
			isa = XCConfigurationList;
			buildConfigurations = (
				E259A02D2E75A6380029D3A9 /* Debug */,
				E259A02E2E75A6380029D3A9 /* Release */,
			);
			defaultConfigurationIsVisible = 0;
			defaultConfigurationName = Release;
		};
		E259A02F2E75A6380029D3A9 /* Build configuration list for PBXNativeTarget "InvoiceBarcode" */ = {
			isa = XCConfigurationList;
			buildConfigurations = (
				E259A0302E75A6380029D3A9 /* Debug */,
				E259A0312E75A6380029D3A9 /* Release */,
			);
			defaultConfigurationIsVisible = 0;
			defaultConfigurationName = Release;
		};
		E259A04E2E75A6650029D3A9 /* Build configuration list for PBXNativeTarget "lockscreenExtension" */ = {
			isa = XCConfigurationList;
			buildConfigurations = (
				E259A04F2E75A6650029D3A9 /* Debug */,
				E259A0502E75A6650029D3A9 /* Release */,
			);
			defaultConfigurationIsVisible = 0;
			defaultConfigurationName = Release;
		};
/* End XCConfigurationList section */

/* Begin XCRemoteSwiftPackageReference section */
		E24479252E819C760040B085 /* XCRemoteSwiftPackageReference "RSBarcodes_Swift" */ = {
			isa = XCRemoteSwiftPackageReference;
			repositoryURL = "https://github.com/yeahdongcn/RSBarcodes_Swift";
			requirement = {
				kind = upToNextMajorVersion;
				minimumVersion = 5.2.0;
			};
		};
/* End XCRemoteSwiftPackageReference section */

/* Begin XCSwiftPackageProductDependency section */
		E24479262E819CF30040B085 /* RSBarcodes_Swift */ = {
			isa = XCSwiftPackageProductDependency;
			package = E24479252E819C760040B085 /* XCRemoteSwiftPackageReference "RSBarcodes_Swift" */;
			productName = RSBarcodes_Swift;
		};
		E24479282E819CFE0040B085 /* RSBarcodes_Swift */ = {
			isa = XCSwiftPackageProductDependency;
			package = E24479252E819C760040B085 /* XCRemoteSwiftPackageReference "RSBarcodes_Swift" */;
			productName = RSBarcodes_Swift;
		};
/* End XCSwiftPackageProductDependency section */
	};
	rootObject = E259A01C2E75A6360029D3A9 /* Project object */;
}
